
Microsoft Visual Studio Solution File, Format Version 12.00
# Visual Studio Version 17
VisualStudioVersion = 17.10.34916.146
MinimumVisualStudioVersion = 10.0.40219.1
Project("{FAE04EC0-301F-11D3-BF4B-00C04F79EFBC}") = "Battleships", "Battleships\Battleships.csproj", "{0F2F255C-C474-4A86-A606-5BCD70A8FC38}"
EndProject
Project("{FAE04EC0-301F-11D3-BF4B-00C04F79EFBC}") = "BattleshipLibrary", "BattleshipLibrary\BattleshipLibrary.csproj", "{6D650298-AF36-4BC7-AFEF-5565C87201CC}"
EndProject
Global
	GlobalSection(SolutionConfigurationPlatforms) = preSolution
		Debug|Any CPU = Debug|Any CPU
		Release|Any CPU = Release|Any CPU
	EndGlobalSection
	GlobalSection(ProjectConfigurationPlatforms) = postSolution
		{0F2F255C-C474-4A86-A606-5BCD70A8FC38}.Debug|Any CPU.ActiveCfg = Debug|Any CPU
		{0F2F255C-C474-4A86-A606-5BCD70A8FC38}.Debug|Any CPU.Build.0 = Debug|Any CPU
		{0F2F255C-C474-4A86-A606-5BCD70A8FC38}.Release|Any CPU.ActiveCfg = Release|Any CPU
		{0F2F255C-C474-4A86-A606-5BCD70A8FC38}.Release|Any CPU.Build.0 = Release|Any CPU
		{6D650298-AF36-4BC7-AFEF-5565C87201CC}.Debug|Any CPU.ActiveCfg = Debug|Any CPU
		{6D650298-AF36-4BC7-AFEF-5565C87201CC}.Debug|Any CPU.Build.0 = Debug|Any CPU
		{6D650298-AF36-4BC7-AFEF-5565C87201CC}.Release|Any CPU.ActiveCfg = Release|Any CPU
		{6D650298-AF36-4BC7-AFEF-5565C87201CC}.Release|Any CPU.Build.0 = Release|Any CPU
	EndGlobalSection
	GlobalSection(SolutionProperties) = preSolution
		HideSolutionNode = FALSE
	EndGlobalSection
	GlobalSection(ExtensibilityGlobals) = postSolution
		SolutionGuid = {78A4A330-B341-4D72-BA4E-B0DCF99D4C2B}
	EndGlobalSection
EndGlobal
